// !$*UTF8*$!
{
	archiveVersion = 1;
	classes = {
	};
	objectVersion = 46;
	objects = {

/* Begin PBXBuildFile section */
		1C0E773B1513407C009A9DB7 /* UIKit.framework in Frameworks */ = {isa = PBXBuildFile; fileRef = 1C0E773A1513407C009A9DB7 /* UIKit.framework */; };
		1C0E773D1513407C009A9DB7 /* Foundation.framework in Frameworks */ = {isa = PBXBuildFile; fileRef = 1C0E773C1513407C009A9DB7 /* Foundation.framework */; };
		1C0E773F1513407C009A9DB7 /* CoreGraphics.framework in Frameworks */ = {isa = PBXBuildFile; fileRef = 1C0E773E1513407C009A9DB7 /* CoreGraphics.framework */; };
		1C0E77451513407C009A9DB7 /* InfoPlist.strings in Resources */ = {isa = PBXBuildFile; fileRef = 1C0E77431513407C009A9DB7 /* InfoPlist.strings */; };
		1C0E77471513407C009A9DB7 /* main.m in Sources */ = {isa = PBXBuildFile; fileRef = 1C0E77461513407C009A9DB7 /* main.m */; };
		1C0E774B1513407C009A9DB7 /* CDSAppDelegate.m in Sources */ = {isa = PBXBuildFile; fileRef = 1C0E774A1513407C009A9DB7 /* CDSAppDelegate.m */; };
		1C0E774E1513407C009A9DB7 /* MainStoryboard_iPhone.storyboard in Resources */ = {isa = PBXBuildFile; fileRef = 1C0E774C1513407C009A9DB7 /* MainStoryboard_iPhone.storyboard */; };
		1C0E77511513407C009A9DB7 /* MainStoryboard_iPad.storyboard in Resources */ = {isa = PBXBuildFile; fileRef = 1C0E774F1513407C009A9DB7 /* MainStoryboard_iPad.storyboard */; };
		1C0E77541513407C009A9DB7 /* CDSMasterViewController.m in Sources */ = {isa = PBXBuildFile; fileRef = 1C0E77531513407C009A9DB7 /* CDSMasterViewController.m */; };
		1C0E77571513407C009A9DB7 /* CDSDetailViewController.m in Sources */ = {isa = PBXBuildFile; fileRef = 1C0E77561513407C009A9DB7 /* CDSDetailViewController.m */; };
		1C0E777C15134ABB009A9DB7 /* CDSModel.m in Sources */ = {isa = PBXBuildFile; fileRef = 1C0E777B15134ABB009A9DB7 /* CDSModel.m */; };
		1C0E778C15134D7F009A9DB7 /* VTHTTPRequest.m in Sources */ = {isa = PBXBuildFile; fileRef = 1C0E778B15134D7F009A9DB7 /* VTHTTPRequest.m */; };
		1C0E77AF15136D07009A9DB7 /* CDSProjectsDao.m in Sources */ = {isa = PBXBuildFile; fileRef = 1C0E77AE15136D07009A9DB7 /* CDSProjectsDao.m */; };
		1C0E77B315137090009A9DB7 /* CDSProjectsParserOperation.m in Sources */ = {isa = PBXBuildFile; fileRef = 1C0E77B215137090009A9DB7 /* CDSProjectsParserOperation.m */; };
		1C0E77B61513723E009A9DB7 /* CDSProject.m in Sources */ = {isa = PBXBuildFile; fileRef = 1C0E77B51513723E009A9DB7 /* CDSProject.m */; };
		1C0E77BB15138993009A9DB7 /* CDSStoriesParserOperation.m in Sources */ = {isa = PBXBuildFile; fileRef = 1C0E77BA15138993009A9DB7 /* CDSStoriesParserOperation.m */; };
		1C0E77BE151389B6009A9DB7 /* CDSStoriesDao.m in Sources */ = {isa = PBXBuildFile; fileRef = 1C0E77BD151389B6009A9DB7 /* CDSStoriesDao.m */; };
		1C0E77C1151393BC009A9DB7 /* CDSStory.m in Sources */ = {isa = PBXBuildFile; fileRef = 1C0E77C0151393BC009A9DB7 /* CDSStory.m */; };
		1C0E77D51513E487009A9DB7 /* page.png in Resources */ = {isa = PBXBuildFile; fileRef = 1C0E77D41513E487009A9DB7 /* page.png */; };
		1CA472AE15168962005F6F22 /* Icon-57x57.png in Resources */ = {isa = PBXBuildFile; fileRef = 1CA472AD15168962005F6F22 /* Icon-57x57.png */; };
		1CA472B015168965005F6F22 /* Icon-57x57@2x.png in Resources */ = {isa = PBXBuildFile; fileRef = 1CA472AF15168965005F6F22 /* Icon-57x57@2x.png */; };
		1CA472B21516896A005F6F22 /* Icon-72x72.png in Resources */ = {isa = PBXBuildFile; fileRef = 1CA472B11516896A005F6F22 /* Icon-72x72.png */; };
/* End PBXBuildFile section */

/* Begin PBXFileReference section */
		1C0E77361513407C009A9DB7 /* CoursDuSoirIOS-Instruments.app */ = {isa = PBXFileReference; explicitFileType = wrapper.application; includeInIndex = 0; path = "CoursDuSoirIOS-Instruments.app"; sourceTree = BUILT_PRODUCTS_DIR; };
		1C0E773A1513407C009A9DB7 /* UIKit.framework */ = {isa = PBXFileReference; lastKnownFileType = wrapper.framework; name = UIKit.framework; path = System/Library/Frameworks/UIKit.framework; sourceTree = SDKROOT; };
		1C0E773C1513407C009A9DB7 /* Foundation.framework */ = {isa = PBXFileReference; lastKnownFileType = wrapper.framework; name = Foundation.framework; path = System/Library/Frameworks/Foundation.framework; sourceTree = SDKROOT; };
		1C0E773E1513407C009A9DB7 /* CoreGraphics.framework */ = {isa = PBXFileReference; lastKnownFileType = wrapper.framework; name = CoreGraphics.framework; path = System/Library/Frameworks/CoreGraphics.framework; sourceTree = SDKROOT; };
		1C0E77421513407C009A9DB7 /* CoursDuSoirIOS-Instruments-Info.plist */ = {isa = PBXFileReference; lastKnownFileType = text.plist.xml; path = "CoursDuSoirIOS-Instruments-Info.plist"; sourceTree = "<group>"; };
		1C0E77441513407C009A9DB7 /* en */ = {isa = PBXFileReference; lastKnownFileType = text.plist.strings; name = en; path = en.lproj/InfoPlist.strings; sourceTree = "<group>"; };
		1C0E77461513407C009A9DB7 /* main.m */ = {isa = PBXFileReference; lastKnownFileType = sourcecode.c.objc; path = main.m; sourceTree = "<group>"; };
		1C0E77481513407C009A9DB7 /* CoursDuSoirIOS-Instruments-Prefix.pch */ = {isa = PBXFileReference; lastKnownFileType = sourcecode.c.h; path = "CoursDuSoirIOS-Instruments-Prefix.pch"; sourceTree = "<group>"; };
		1C0E77491513407C009A9DB7 /* CDSAppDelegate.h */ = {isa = PBXFileReference; lastKnownFileType = sourcecode.c.h; path = CDSAppDelegate.h; sourceTree = "<group>"; };
		1C0E774A1513407C009A9DB7 /* CDSAppDelegate.m */ = {isa = PBXFileReference; lastKnownFileType = sourcecode.c.objc; path = CDSAppDelegate.m; sourceTree = "<group>"; };
		1C0E774D1513407C009A9DB7 /* en */ = {isa = PBXFileReference; lastKnownFileType = file.storyboard; name = en; path = en.lproj/MainStoryboard_iPhone.storyboard; sourceTree = "<group>"; };
		1C0E77501513407C009A9DB7 /* en */ = {isa = PBXFileReference; lastKnownFileType = file.storyboard; name = en; path = en.lproj/MainStoryboard_iPad.storyboard; sourceTree = "<group>"; };
		1C0E77521513407C009A9DB7 /* CDSMasterViewController.h */ = {isa = PBXFileReference; lastKnownFileType = sourcecode.c.h; path = CDSMasterViewController.h; sourceTree = "<group>"; };
		1C0E77531513407C009A9DB7 /* CDSMasterViewController.m */ = {isa = PBXFileReference; lastKnownFileType = sourcecode.c.objc; path = CDSMasterViewController.m; sourceTree = "<group>"; };
		1C0E77551513407C009A9DB7 /* CDSDetailViewController.h */ = {isa = PBXFileReference; lastKnownFileType = sourcecode.c.h; path = CDSDetailViewController.h; sourceTree = "<group>"; };
		1C0E77561513407C009A9DB7 /* CDSDetailViewController.m */ = {isa = PBXFileReference; lastKnownFileType = sourcecode.c.objc; path = CDSDetailViewController.m; sourceTree = "<group>"; };
		1C0E777A15134ABB009A9DB7 /* CDSModel.h */ = {isa = PBXFileReference; fileEncoding = 4; lastKnownFileType = sourcecode.c.h; path = CDSModel.h; sourceTree = "<group>"; };
		1C0E777B15134ABB009A9DB7 /* CDSModel.m */ = {isa = PBXFileReference; fileEncoding = 4; lastKnownFileType = sourcecode.c.objc; path = CDSModel.m; sourceTree = "<group>"; };
		1C0E778A15134D7F009A9DB7 /* VTHTTPRequest.h */ = {isa = PBXFileReference; fileEncoding = 4; lastKnownFileType = sourcecode.c.h; path = VTHTTPRequest.h; sourceTree = "<group>"; };
		1C0E778B15134D7F009A9DB7 /* VTHTTPRequest.m */ = {isa = PBXFileReference; fileEncoding = 4; lastKnownFileType = sourcecode.c.objc; path = VTHTTPRequest.m; sourceTree = "<group>"; };
		1C0E778E15134F48009A9DB7 /* CDSConstants.h */ = {isa = PBXFileReference; fileEncoding = 4; lastKnownFileType = sourcecode.c.h; path = CDSConstants.h; sourceTree = "<group>"; };
		1C0E77AD15136D07009A9DB7 /* CDSProjectsDao.h */ = {isa = PBXFileReference; fileEncoding = 4; lastKnownFileType = sourcecode.c.h; path = CDSProjectsDao.h; sourceTree = "<group>"; };
		1C0E77AE15136D07009A9DB7 /* CDSProjectsDao.m */ = {isa = PBXFileReference; fileEncoding = 4; lastKnownFileType = sourcecode.c.objc; path = CDSProjectsDao.m; sourceTree = "<group>"; };
		1C0E77B115137090009A9DB7 /* CDSProjectsParserOperation.h */ = {isa = PBXFileReference; fileEncoding = 4; lastKnownFileType = sourcecode.c.h; path = CDSProjectsParserOperation.h; sourceTree = "<group>"; };
		1C0E77B215137090009A9DB7 /* CDSProjectsParserOperation.m */ = {isa = PBXFileReference; fileEncoding = 4; lastKnownFileType = sourcecode.c.objc; path = CDSProjectsParserOperation.m; sourceTree = "<group>"; };
		1C0E77B41513723E009A9DB7 /* CDSProject.h */ = {isa = PBXFileReference; fileEncoding = 4; lastKnownFileType = sourcecode.c.h; path = CDSProject.h; sourceTree = "<group>"; };
		1C0E77B51513723E009A9DB7 /* CDSProject.m */ = {isa = PBXFileReference; fileEncoding = 4; lastKnownFileType = sourcecode.c.objc; path = CDSProject.m; sourceTree = "<group>"; };
		1C0E77B915138993009A9DB7 /* CDSStoriesParserOperation.h */ = {isa = PBXFileReference; fileEncoding = 4; lastKnownFileType = sourcecode.c.h; path = CDSStoriesParserOperation.h; sourceTree = "<group>"; };
		1C0E77BA15138993009A9DB7 /* CDSStoriesParserOperation.m */ = {isa = PBXFileReference; fileEncoding = 4; lastKnownFileType = sourcecode.c.objc; path = CDSStoriesParserOperation.m; sourceTree = "<group>"; };
		1C0E77BC151389B6009A9DB7 /* CDSStoriesDao.h */ = {isa = PBXFileReference; fileEncoding = 4; lastKnownFileType = sourcecode.c.h; path = CDSStoriesDao.h; sourceTree = "<group>"; };
		1C0E77BD151389B6009A9DB7 /* CDSStoriesDao.m */ = {isa = PBXFileReference; fileEncoding = 4; lastKnownFileType = sourcecode.c.objc; path = CDSStoriesDao.m; sourceTree = "<group>"; };
		1C0E77BF151393BC009A9DB7 /* CDSStory.h */ = {isa = PBXFileReference; fileEncoding = 4; lastKnownFileType = sourcecode.c.h; path = CDSStory.h; sourceTree = "<group>"; };
		1C0E77C0151393BC009A9DB7 /* CDSStory.m */ = {isa = PBXFileReference; fileEncoding = 4; lastKnownFileType = sourcecode.c.objc; path = CDSStory.m; sourceTree = "<group>"; };
		1C0E77D41513E487009A9DB7 /* page.png */ = {isa = PBXFileReference; lastKnownFileType = image.png; path = page.png; sourceTree = "<group>"; };
		1CA472AD15168962005F6F22 /* Icon-57x57.png */ = {isa = PBXFileReference; lastKnownFileType = image.png; path = "Icon-57x57.png"; sourceTree = "<group>"; };
		1CA472AF15168965005F6F22 /* Icon-57x57@2x.png */ = {isa = PBXFileReference; lastKnownFileType = image.png; path = "Icon-57x57@2x.png"; sourceTree = "<group>"; };
		1CA472B11516896A005F6F22 /* Icon-72x72.png */ = {isa = PBXFileReference; lastKnownFileType = image.png; path = "Icon-72x72.png"; sourceTree = "<group>"; };
/* End PBXFileReference section */

/* Begin PBXFrameworksBuildPhase section */
		1C0E77331513407C009A9DB7 /* Frameworks */ = {
			isa = PBXFrameworksBuildPhase;
			buildActionMask = 2147483647;
			files = (
				1C0E773B1513407C009A9DB7 /* UIKit.framework in Frameworks */,
				1C0E773D1513407C009A9DB7 /* Foundation.framework in Frameworks */,
				1C0E773F1513407C009A9DB7 /* CoreGraphics.framework in Frameworks */,
			);
			runOnlyForDeploymentPostprocessing = 0;
		};
/* End PBXFrameworksBuildPhase section */

/* Begin PBXGroup section */
		1C0E772B1513407C009A9DB7 = {
			isa = PBXGroup;
			children = (
				1CA472B11516896A005F6F22 /* Icon-72x72.png */,
				1CA472AF15168965005F6F22 /* Icon-57x57@2x.png */,
				1CA472AD15168962005F6F22 /* Icon-57x57.png */,
				1C0E77401513407C009A9DB7 /* CoursDuSoirIOS-Instruments */,
				1C0E77391513407C009A9DB7 /* Frameworks */,
				1C0E77371513407C009A9DB7 /* Products */,
			);
			sourceTree = "<group>";
		};
		1C0E77371513407C009A9DB7 /* Products */ = {
			isa = PBXGroup;
			children = (
				1C0E77361513407C009A9DB7 /* CoursDuSoirIOS-Instruments.app */,
			);
			name = Products;
			sourceTree = "<group>";
		};
		1C0E77391513407C009A9DB7 /* Frameworks */ = {
			isa = PBXGroup;
			children = (
				1C0E773A1513407C009A9DB7 /* UIKit.framework */,
				1C0E773C1513407C009A9DB7 /* Foundation.framework */,
				1C0E773E1513407C009A9DB7 /* CoreGraphics.framework */,
			);
			name = Frameworks;
			sourceTree = "<group>";
		};
		1C0E77401513407C009A9DB7 /* CoursDuSoirIOS-Instruments */ = {
			isa = PBXGroup;
			children = (
				1C0E77B8151386FB009A9DB7 /* Controllers */,
				1C0E77B7151384D8009A9DB7 /* Daos */,
				1C0E777915134994009A9DB7 /* Model */,
				1C0E77B015137079009A9DB7 /* Operations */,
				1C0E778D15134F18009A9DB7 /* Utils */,
				1C0E77491513407C009A9DB7 /* CDSAppDelegate.h */,
				1C0E774A1513407C009A9DB7 /* CDSAppDelegate.m */,
				1C0E77411513407C009A9DB7 /* Supporting Files */,
			);
			path = "CoursDuSoirIOS-Instruments";
			sourceTree = "<group>";
		};
		1C0E77411513407C009A9DB7 /* Supporting Files */ = {
			isa = PBXGroup;
			children = (
				1C0E77D41513E487009A9DB7 /* page.png */,
				1C0E77421513407C009A9DB7 /* CoursDuSoirIOS-Instruments-Info.plist */,
				1C0E77431513407C009A9DB7 /* InfoPlist.strings */,
				1C0E77461513407C009A9DB7 /* main.m */,
				1C0E77481513407C009A9DB7 /* CoursDuSoirIOS-Instruments-Prefix.pch */,
			);
			name = "Supporting Files";
			sourceTree = "<group>";
		};
		1C0E777915134994009A9DB7 /* Model */ = {
			isa = PBXGroup;
			children = (
				1C0E777A15134ABB009A9DB7 /* CDSModel.h */,
				1C0E777B15134ABB009A9DB7 /* CDSModel.m */,
				1C0E77B41513723E009A9DB7 /* CDSProject.h */,
				1C0E77B51513723E009A9DB7 /* CDSProject.m */,
				1C0E77BF151393BC009A9DB7 /* CDSStory.h */,
				1C0E77C0151393BC009A9DB7 /* CDSStory.m */,
			);
			name = Model;
			sourceTree = "<group>";
		};
		1C0E778915134D6D009A9DB7 /* Network */ = {
			isa = PBXGroup;
			children = (
				1C0E778A15134D7F009A9DB7 /* VTHTTPRequest.h */,
				1C0E778B15134D7F009A9DB7 /* VTHTTPRequest.m */,
			);
			name = Network;
			sourceTree = "<group>";
		};
		1C0E778D15134F18009A9DB7 /* Utils */ = {
			isa = PBXGroup;
			children = (
				1C0E778915134D6D009A9DB7 /* Network */,
				1C0E778E15134F48009A9DB7 /* CDSConstants.h */,
			);
			name = Utils;
			sourceTree = "<group>";
		};
		1C0E77B015137079009A9DB7 /* Operations */ = {
			isa = PBXGroup;
			children = (
				1C0E77B115137090009A9DB7 /* CDSProjectsParserOperation.h */,
				1C0E77B215137090009A9DB7 /* CDSProjectsParserOperation.m */,
				1C0E77B915138993009A9DB7 /* CDSStoriesParserOperation.h */,
				1C0E77BA15138993009A9DB7 /* CDSStoriesParserOperation.m */,
			);
			name = Operations;
			sourceTree = "<group>";
		};
		1C0E77B7151384D8009A9DB7 /* Daos */ = {
			isa = PBXGroup;
			children = (
				1C0E77AD15136D07009A9DB7 /* CDSProjectsDao.h */,
				1C0E77AE15136D07009A9DB7 /* CDSProjectsDao.m */,
				1C0E77BC151389B6009A9DB7 /* CDSStoriesDao.h */,
				1C0E77BD151389B6009A9DB7 /* CDSStoriesDao.m */,
			);
			name = Daos;
			sourceTree = "<group>";
		};
		1C0E77B8151386FB009A9DB7 /* Controllers */ = {
			isa = PBXGroup;
			children = (
				1C0E774C1513407C009A9DB7 /* MainStoryboard_iPhone.storyboard */,
				1C0E774F1513407C009A9DB7 /* MainStoryboard_iPad.storyboard */,
				1C0E77521513407C009A9DB7 /* CDSMasterViewController.h */,
				1C0E77531513407C009A9DB7 /* CDSMasterViewController.m */,
				1C0E77551513407C009A9DB7 /* CDSDetailViewController.h */,
				1C0E77561513407C009A9DB7 /* CDSDetailViewController.m */,
			);
			name = Controllers;
			sourceTree = "<group>";
		};
/* End PBXGroup section */

/* Begin PBXNativeTarget section */
		1C0E77351513407C009A9DB7 /* CoursDuSoirIOS-Instruments */ = {
			isa = PBXNativeTarget;
			buildConfigurationList = 1C0E775A1513407C009A9DB7 /* Build configuration list for PBXNativeTarget "CoursDuSoirIOS-Instruments" */;
			buildPhases = (
				1C0E77321513407C009A9DB7 /* Sources */,
				1C0E77331513407C009A9DB7 /* Frameworks */,
				1C0E77341513407C009A9DB7 /* Resources */,
			);
			buildRules = (
			);
			dependencies = (
			);
			name = "CoursDuSoirIOS-Instruments";
			productName = "CoursDuSoirIOS-Instruments";
			productReference = 1C0E77361513407C009A9DB7 /* CoursDuSoirIOS-Instruments.app */;
			productType = "com.apple.product-type.application";
		};
/* End PBXNativeTarget section */

/* Begin PBXProject section */
		1C0E772D1513407C009A9DB7 /* Project object */ = {
			isa = PBXProject;
			attributes = {
				CLASSPREFIX = CDS;
				LastUpgradeCheck = 0430;
			};
			buildConfigurationList = 1C0E77301513407C009A9DB7 /* Build configuration list for PBXProject "CoursDuSoirIOS-Instruments" */;
			compatibilityVersion = "Xcode 3.2";
			developmentRegion = English;
			hasScannedForEncodings = 0;
			knownRegions = (
				en,
			);
			mainGroup = 1C0E772B1513407C009A9DB7;
			productRefGroup = 1C0E77371513407C009A9DB7 /* Products */;
			projectDirPath = "";
			projectRoot = "";
			targets = (
				1C0E77351513407C009A9DB7 /* CoursDuSoirIOS-Instruments */,
			);
		};
/* End PBXProject section */

/* Begin PBXResourcesBuildPhase section */
		1C0E77341513407C009A9DB7 /* Resources */ = {
			isa = PBXResourcesBuildPhase;
			buildActionMask = 2147483647;
			files = (
				1C0E77451513407C009A9DB7 /* InfoPlist.strings in Resources */,
				1C0E774E1513407C009A9DB7 /* MainStoryboard_iPhone.storyboard in Resources */,
				1C0E77511513407C009A9DB7 /* MainStoryboard_iPad.storyboard in Resources */,
				1C0E77D51513E487009A9DB7 /* page.png in Resources */,
				1CA472AE15168962005F6F22 /* Icon-57x57.png in Resources */,
				1CA472B015168965005F6F22 /* Icon-57x57@2x.png in Resources */,
				1CA472B21516896A005F6F22 /* Icon-72x72.png in Resources */,
			);
			runOnlyForDeploymentPostprocessing = 0;
		};
/* End PBXResourcesBuildPhase section */

/* Begin PBXSourcesBuildPhase section */
		1C0E77321513407C009A9DB7 /* Sources */ = {
			isa = PBXSourcesBuildPhase;
			buildActionMask = 2147483647;
			files = (
				1C0E77471513407C009A9DB7 /* main.m in Sources */,
				1C0E774B1513407C009A9DB7 /* CDSAppDelegate.m in Sources */,
				1C0E77541513407C009A9DB7 /* CDSMasterViewController.m in Sources */,
				1C0E77571513407C009A9DB7 /* CDSDetailViewController.m in Sources */,
				1C0E777C15134ABB009A9DB7 /* CDSModel.m in Sources */,
				1C0E778C15134D7F009A9DB7 /* VTHTTPRequest.m in Sources */,
				1C0E77AF15136D07009A9DB7 /* CDSProjectsDao.m in Sources */,
				1C0E77B315137090009A9DB7 /* CDSProjectsParserOperation.m in Sources */,
				1C0E77B61513723E009A9DB7 /* CDSProject.m in Sources */,
				1C0E77BB15138993009A9DB7 /* CDSStoriesParserOperation.m in Sources */,
				1C0E77BE151389B6009A9DB7 /* CDSStoriesDao.m in Sources */,
				1C0E77C1151393BC009A9DB7 /* CDSStory.m in Sources */,
			);
			runOnlyForDeploymentPostprocessing = 0;
		};
/* End PBXSourcesBuildPhase section */

/* Begin PBXVariantGroup section */
		1C0E77431513407C009A9DB7 /* InfoPlist.strings */ = {
			isa = PBXVariantGroup;
			children = (
				1C0E77441513407C009A9DB7 /* en */,
			);
			name = InfoPlist.strings;
			sourceTree = "<group>";
		};
		1C0E774C1513407C009A9DB7 /* MainStoryboard_iPhone.storyboard */ = {
			isa = PBXVariantGroup;
			children = (
				1C0E774D1513407C009A9DB7 /* en */,
			);
			name = MainStoryboard_iPhone.storyboard;
			sourceTree = "<group>";
		};
		1C0E774F1513407C009A9DB7 /* MainStoryboard_iPad.storyboard */ = {
			isa = PBXVariantGroup;
			children = (
				1C0E77501513407C009A9DB7 /* en */,
			);
			name = MainStoryboard_iPad.storyboard;
			sourceTree = "<group>";
		};
/* End PBXVariantGroup section */

/* Begin XCBuildConfiguration section */
		1C0E77581513407C009A9DB7 /* Debug */ = {
			isa = XCBuildConfiguration;
			buildSettings = {
				ALWAYS_SEARCH_USER_PATHS = NO;
				ARCHS = "$(ARCHS_STANDARD_32_BIT)";
				CLANG_ENABLE_OBJC_ARC = YES;
				"CODE_SIGN_IDENTITY[sdk=iphoneos*]" = "iPhone Developer";
				COPY_PHASE_STRIP = NO;
				GCC_C_LANGUAGE_STANDARD = gnu99;
				GCC_DYNAMIC_NO_PIC = NO;
				GCC_OPTIMIZATION_LEVEL = 0;
				GCC_PREPROCESSOR_DEFINITIONS = (
					"DEBUG=1",
					"$(inherited)",
				);
				GCC_SYMBOLS_PRIVATE_EXTERN = NO;
				GCC_VERSION = com.apple.compilers.llvm.clang.1_0;
				GCC_WARN_ABOUT_RETURN_TYPE = YES;
				GCC_WARN_UNINITIALIZED_AUTOS = YES;
				GCC_WARN_UNUSED_VARIABLE = YES;
				IPHONEOS_DEPLOYMENT_TARGET = 5.1;
				SDKROOT = iphoneos;
				TARGETED_DEVICE_FAMILY = "1,2";
			};
			name = Debug;
		};
		1C0E77591513407C009A9DB7 /* Release */ = {
			isa = XCBuildConfiguration;
			buildSettings = {
				ALWAYS_SEARCH_USER_PATHS = NO;
				ARCHS = "$(ARCHS_STANDARD_32_BIT)";
				CLANG_ENABLE_OBJC_ARC = YES;
				"CODE_SIGN_IDENTITY[sdk=iphoneos*]" = "iPhone Developer";
				COPY_PHASE_STRIP = YES;
				GCC_C_LANGUAGE_STANDARD = gnu99;
				GCC_VERSION = com.apple.compilers.llvm.clang.1_0;
				GCC_WARN_ABOUT_RETURN_TYPE = YES;
				GCC_WARN_UNINITIALIZED_AUTOS = YES;
				GCC_WARN_UNUSED_VARIABLE = YES;
				IPHONEOS_DEPLOYMENT_TARGET = 5.1;
				OTHER_CFLAGS = "-DNS_BLOCK_ASSERTIONS=1";
				SDKROOT = iphoneos;
				TARGETED_DEVICE_FAMILY = "1,2";
				VALIDATE_PRODUCT = YES;
			};
			name = Release;
		};
		1C0E775B1513407C009A9DB7 /* Debug */ = {
			isa = XCBuildConfiguration;
			buildSettings = {
				CODE_SIGN_IDENTITY = "iPhone Developer: Sylvain Rousseau (M22T9CH29G)";
				"CODE_SIGN_IDENTITY[sdk=iphoneos*]" = "iPhone Developer: Sylvain Rousseau (M22T9CH29G)";
				GCC_PRECOMPILE_PREFIX_HEADER = YES;
				GCC_PREFIX_HEADER = "CoursDuSoirIOS-Instruments/CoursDuSoirIOS-Instruments-Prefix.pch";
				INFOPLIST_FILE = "CoursDuSoirIOS-Instruments/CoursDuSoirIOS-Instruments-Info.plist";
				IPHONEOS_DEPLOYMENT_TARGET = 5.0;
				PRODUCT_NAME = "$(TARGET_NAME)";
				PROVISIONING_PROFILE = "57A3BA65-4F78-4629-8122-47A92581AFEA";
				"PROVISIONING_PROFILE[sdk=iphoneos*]" = "57A3BA65-4F78-4629-8122-47A92581AFEA";
				WRAPPER_EXTENSION = app;
			};
			name = Debug;
		};
		1C0E775C1513407C009A9DB7 /* Release */ = {
			isa = XCBuildConfiguration;
			buildSettings = {
				CODE_SIGN_IDENTITY = "iPhone Developer: Sylvain Rousseau (M22T9CH29G)";
				"CODE_SIGN_IDENTITY[sdk=iphoneos*]" = "iPhone Developer: Sylvain Rousseau (M22T9CH29G)";
				GCC_PRECOMPILE_PREFIX_HEADER = YES;
				GCC_PREFIX_HEADER = "CoursDuSoirIOS-Instruments/CoursDuSoirIOS-Instruments-Prefix.pch";
				INFOPLIST_FILE = "CoursDuSoirIOS-Instruments/CoursDuSoirIOS-Instruments-Info.plist";
				IPHONEOS_DEPLOYMENT_TARGET = 5.0;
				PRODUCT_NAME = "$(TARGET_NAME)";
				PROVISIONING_PROFILE = "57A3BA65-4F78-4629-8122-47A92581AFEA";
				"PROVISIONING_PROFILE[sdk=iphoneos*]" = "57A3BA65-4F78-4629-8122-47A92581AFEA";
				WRAPPER_EXTENSION = app;
			};
			name = Release;
		};
/* End XCBuildConfiguration section */

/* Begin XCConfigurationList section */
		1C0E77301513407C009A9DB7 /* Build configuration list for PBXProject "CoursDuSoirIOS-Instruments" */ = {
			isa = XCConfigurationList;
			buildConfigurations = (
				1C0E77581513407C009A9DB7 /* Debug */,
				1C0E77591513407C009A9DB7 /* Release */,
			);
			defaultConfigurationIsVisible = 0;
			defaultConfigurationName = Release;
		};
		1C0E775A1513407C009A9DB7 /* Build configuration list for PBXNativeTarget "CoursDuSoirIOS-Instruments" */ = {
			isa = XCConfigurationList;
			buildConfigurations = (
				1C0E775B1513407C009A9DB7 /* Debug */,
				1C0E775C1513407C009A9DB7 /* Release */,
			);
			defaultConfigurationIsVisible = 0;
			defaultConfigurationName = Release;
		};
/* End XCConfigurationList section */
	};
	rootObject = 1C0E772D1513407C009A9DB7 /* Project object */;
}
